
Microsoft Visual Studio Solution File, Format Version 12.00
# Visual Studio Version 17
VisualStudioVersion = 17.12.35707.178 d17.12
MinimumVisualStudioVersion = 10.0.40219.1
Project("{FAE04EC0-301F-11D3-BF4B-00C04F79EFBC}") = "Tehtava07", "Tehtava07\Tehtava07.csproj", "{DAAFB9BD-36B4-4DC1-A84D-D3391CF64485}"
EndProject
Global
	GlobalSection(SolutionConfigurationPlatforms) = preSolution
		Debug|Any CPU = Debug|Any CPU
		Release|Any CPU = Release|Any CPU
	EndGlobalSection
	GlobalSection(ProjectConfigurationPlatforms) = postSolution
		{DAAFB9BD-36B4-4DC1-A84D-D3391CF64485}.Debug|Any CPU.ActiveCfg = Debug|Any CPU
		{DAAFB9BD-36B4-4DC1-A84D-D3391CF64485}.Debug|Any CPU.Build.0 = Debug|Any CPU
		{DAAFB9BD-36B4-4DC1-A84D-D3391CF64485}.Release|Any CPU.ActiveCfg = Release|Any CPU
		{DAAFB9BD-36B4-4DC1-A84D-D3391CF64485}.Release|Any CPU.Build.0 = Release|Any CPU
	EndGlobalSection
	GlobalSection(SolutionProperties) = preSolution
		HideSolutionNode = FALSE
	EndGlobalSection
EndGlobal
