
Microsoft Visual Studio Solution File, Format Version 12.00
# Visual Studio Version 17
VisualStudioVersion = 17.12.35707.178 d17.12
MinimumVisualStudioVersion = 10.0.40219.1
Project("{FAE04EC0-301F-11D3-BF4B-00C04F79EFBC}") = "Tehtava02", "Tehtava02\Tehtava02.csproj", "{BB48596D-CF48-4DD9-9CF2-E84D69B41FAE}"
EndProject
Global
	GlobalSection(SolutionConfigurationPlatforms) = preSolution
		Debug|Any CPU = Debug|Any CPU
		Release|Any CPU = Release|Any CPU
	EndGlobalSection
	GlobalSection(ProjectConfigurationPlatforms) = postSolution
		{BB48596D-CF48-4DD9-9CF2-E84D69B41FAE}.Debug|Any CPU.ActiveCfg = Debug|Any CPU
		{BB48596D-CF48-4DD9-9CF2-E84D69B41FAE}.Debug|Any CPU.Build.0 = Debug|Any CPU
		{BB48596D-CF48-4DD9-9CF2-E84D69B41FAE}.Release|Any CPU.ActiveCfg = Release|Any CPU
		{BB48596D-CF48-4DD9-9CF2-E84D69B41FAE}.Release|Any CPU.Build.0 = Release|Any CPU
	EndGlobalSection
	GlobalSection(SolutionProperties) = preSolution
		HideSolutionNode = FALSE
	EndGlobalSection
EndGlobal
